// !$*UTF8*$!
{
	archiveVersion = 1;
	classes = {
	};
	objectVersion = 77;
	objects = {

/* Begin PBXBuildFile section */
		4301699539A67CD07AD54D83 /* LocalHomeKitServer.swift in Sources */ = {isa = PBXBuildFile; fileRef = A922E5AB99E9F11F5A462A9B /* LocalHomeKitServer.swift */; };
		684B9B16EB52F513E53971BF /* AppleHomeInventory.swift in Sources */ = {isa = PBXBuildFile; fileRef = D8076EE9CC9459D0713A7F7A /* AppleHomeInventory.swift */; };
		7246D046E090C76F5EA00122 /* StatusBarController.swift in Sources */ = {isa = PBXBuildFile; fileRef = F8CEFB0733F32591725CFD6D /* StatusBarController.swift */; };
		B07A20509926BCFD919B388C /* HomeStore.swift in Sources */ = {isa = PBXBuildFile; fileRef = 1651367D13B4849BC3A50027 /* HomeStore.swift */; };
		D9A864C4F9715A32EB14B148 /* MenuBarView.swift in Sources */ = {isa = PBXBuildFile; fileRef = 9685AA2E7D2EA3F37302BC21 /* MenuBarView.swift */; };
		F3480C2E17EFA9FFCF9E75C6 /* InventorySummaryTests.swift in Sources */ = {isa = PBXBuildFile; fileRef = 1649A7EE566280DB03BE65DE /* InventorySummaryTests.swift */; };
		FDFD7C6547CB2227105F32B9 /* HomeKitMCPHelperApp.swift in Sources */ = {isa = PBXBuildFile; fileRef = 079823B9AC68413737C0531E /* HomeKitMCPHelperApp.swift */; };
/* End PBXBuildFile section */

/* Begin PBXContainerItemProxy section */
		4B5BCFF41842C9ADCFE19650 /* PBXContainerItemProxy */ = {
			isa = PBXContainerItemProxy;
			containerPortal = 1175C6BFB08DF69ADEE1D1D5 /* Project object */;
			proxyType = 1;
			remoteGlobalIDString = 0071911B1F8C822303A0F5C7;
			remoteInfo = HomeKitMCPHelper;
		};
/* End PBXContainerItemProxy section */

/* Begin PBXFileReference section */
		079823B9AC68413737C0531E /* HomeKitMCPHelperApp.swift */ = {isa = PBXFileReference; lastKnownFileType = sourcecode.swift; path = HomeKitMCPHelperApp.swift; sourceTree = "<group>"; };
		1649A7EE566280DB03BE65DE /* InventorySummaryTests.swift */ = {isa = PBXFileReference; lastKnownFileType = sourcecode.swift; path = InventorySummaryTests.swift; sourceTree = "<group>"; };
		1651367D13B4849BC3A50027 /* HomeStore.swift */ = {isa = PBXFileReference; lastKnownFileType = sourcecode.swift; path = HomeStore.swift; sourceTree = "<group>"; };
		20E1B3ADDEF1C8DC3F05FF3D /* HomeKitMCPHelper.app */ = {isa = PBXFileReference; includeInIndex = 0; lastKnownFileType = wrapper.application; path = HomeKitMCPHelper.app; sourceTree = BUILT_PRODUCTS_DIR; };
		862B3545CA5684805516A766 /* HomeKitMCPHelperTests.xctest */ = {isa = PBXFileReference; includeInIndex = 0; lastKnownFileType = wrapper.cfbundle; path = HomeKitMCPHelperTests.xctest; sourceTree = BUILT_PRODUCTS_DIR; };
		8A3C67CC22D194A5BB272590 /* HomeKitMCPHelper.entitlements */ = {isa = PBXFileReference; lastKnownFileType = text.plist.entitlements; path = HomeKitMCPHelper.entitlements; sourceTree = "<group>"; };
		9685AA2E7D2EA3F37302BC21 /* MenuBarView.swift */ = {isa = PBXFileReference; lastKnownFileType = sourcecode.swift; path = MenuBarView.swift; sourceTree = "<group>"; };
		A922E5AB99E9F11F5A462A9B /* LocalHomeKitServer.swift */ = {isa = PBXFileReference; lastKnownFileType = sourcecode.swift; path = LocalHomeKitServer.swift; sourceTree = "<group>"; };
		C80731326D09E9473F23E75C /* Info.plist */ = {isa = PBXFileReference; lastKnownFileType = text.plist; path = Info.plist; sourceTree = "<group>"; };
		D8076EE9CC9459D0713A7F7A /* AppleHomeInventory.swift */ = {isa = PBXFileReference; lastKnownFileType = sourcecode.swift; path = AppleHomeInventory.swift; sourceTree = "<group>"; };
		F8CEFB0733F32591725CFD6D /* StatusBarController.swift */ = {isa = PBXFileReference; lastKnownFileType = sourcecode.swift; path = StatusBarController.swift; sourceTree = "<group>"; };
/* End PBXFileReference section */

/* Begin PBXGroup section */
		44D35780F1D1CB49D2F28BC0 = {
			isa = PBXGroup;
			children = (
				F2AE9F4EEBCB04683805438E /* HomeKitMCPHelper */,
				69744DFD9FA411C797706EB7 /* HomeKitMCPHelperTests */,
				C6FF6E1E1803C50F799A30BD /* Products */,
			);
			sourceTree = "<group>";
		};
		69744DFD9FA411C797706EB7 /* HomeKitMCPHelperTests */ = {
			isa = PBXGroup;
			children = (
				1649A7EE566280DB03BE65DE /* InventorySummaryTests.swift */,
			);
			path = HomeKitMCPHelperTests;
			sourceTree = "<group>";
		};
		C6FF6E1E1803C50F799A30BD /* Products */ = {
			isa = PBXGroup;
			children = (
				20E1B3ADDEF1C8DC3F05FF3D /* HomeKitMCPHelper.app */,
				862B3545CA5684805516A766 /* HomeKitMCPHelperTests.xctest */,
			);
			name = Products;
			sourceTree = "<group>";
		};
		F2AE9F4EEBCB04683805438E /* HomeKitMCPHelper */ = {
			isa = PBXGroup;
			children = (
				D8076EE9CC9459D0713A7F7A /* AppleHomeInventory.swift */,
				8A3C67CC22D194A5BB272590 /* HomeKitMCPHelper.entitlements */,
				079823B9AC68413737C0531E /* HomeKitMCPHelperApp.swift */,
				1651367D13B4849BC3A50027 /* HomeStore.swift */,
				C80731326D09E9473F23E75C /* Info.plist */,
				A922E5AB99E9F11F5A462A9B /* LocalHomeKitServer.swift */,
				9685AA2E7D2EA3F37302BC21 /* MenuBarView.swift */,
				F8CEFB0733F32591725CFD6D /* StatusBarController.swift */,
			);
			path = HomeKitMCPHelper;
			sourceTree = "<group>";
		};
/* End PBXGroup section */

/* Begin PBXNativeTarget section */
		0071911B1F8C822303A0F5C7 /* HomeKitMCPHelper */ = {
			isa = PBXNativeTarget;
			buildConfigurationList = 3845E135C9ED484067C967BE /* Build configuration list for PBXNativeTarget "HomeKitMCPHelper" */;
			buildPhases = (
				CF17ECD01969A85FEBC67826 /* Sources */,
			);
			buildRules = (
			);
			dependencies = (
			);
			name = HomeKitMCPHelper;
			packageProductDependencies = (
			);
			productName = HomeKitMCPHelper;
			productReference = 20E1B3ADDEF1C8DC3F05FF3D /* HomeKitMCPHelper.app */;
			productType = "com.apple.product-type.application";
		};
		C985753AEECAFD04B2FDBB44 /* HomeKitMCPHelperTests */ = {
			isa = PBXNativeTarget;
			buildConfigurationList = E63029FF0090F616C52AD861 /* Build configuration list for PBXNativeTarget "HomeKitMCPHelperTests" */;
			buildPhases = (
				B60E1A5B9DD2B8C71038E882 /* Sources */,
			);
			buildRules = (
			);
			dependencies = (
				4711788D320B9E978B126A7D /* PBXTargetDependency */,
			);
			name = HomeKitMCPHelperTests;
			packageProductDependencies = (
			);
			productName = HomeKitMCPHelperTests;
			productReference = 862B3545CA5684805516A766 /* HomeKitMCPHelperTests.xctest */;
			productType = "com.apple.product-type.bundle.unit-test";
		};
/* End PBXNativeTarget section */

/* Begin PBXProject section */
		1175C6BFB08DF69ADEE1D1D5 /* Project object */ = {
			isa = PBXProject;
			attributes = {
				BuildIndependentTargetsInParallel = YES;
				LastUpgradeCheck = 1430;
				TargetAttributes = {
					0071911B1F8C822303A0F5C7 = {
						ProvisioningStyle = Automatic;
					};
				};
			};
			buildConfigurationList = 2B6BA076B3E11D445D153D4B /* Build configuration list for PBXProject "HomeKitMCPHelper" */;
			developmentRegion = en;
			hasScannedForEncodings = 0;
			knownRegions = (
				Base,
				en,
			);
			mainGroup = 44D35780F1D1CB49D2F28BC0;
			minimizedProjectReferenceProxies = 1;
			preferredProjectObjectVersion = 77;
			productRefGroup = C6FF6E1E1803C50F799A30BD /* Products */;
			projectDirPath = "";
			projectRoot = "";
			targets = (
				0071911B1F8C822303A0F5C7 /* HomeKitMCPHelper */,
				C985753AEECAFD04B2FDBB44 /* HomeKitMCPHelperTests */,
			);
		};
/* End PBXProject section */

/* Begin PBXSourcesBuildPhase section */
		B60E1A5B9DD2B8C71038E882 /* Sources */ = {
			isa = PBXSourcesBuildPhase;
			buildActionMask = 2147483647;
			files = (
				F3480C2E17EFA9FFCF9E75C6 /* InventorySummaryTests.swift in Sources */,
			);
			runOnlyForDeploymentPostprocessing = 0;
		};
		CF17ECD01969A85FEBC67826 /* Sources */ = {
			isa = PBXSourcesBuildPhase;
			buildActionMask = 2147483647;
			files = (
				684B9B16EB52F513E53971BF /* AppleHomeInventory.swift in Sources */,
				FDFD7C6547CB2227105F32B9 /* HomeKitMCPHelperApp.swift in Sources */,
				B07A20509926BCFD919B388C /* HomeStore.swift in Sources */,
				4301699539A67CD07AD54D83 /* LocalHomeKitServer.swift in Sources */,
				D9A864C4F9715A32EB14B148 /* MenuBarView.swift in Sources */,
				7246D046E090C76F5EA00122 /* StatusBarController.swift in Sources */,
			);
			runOnlyForDeploymentPostprocessing = 0;
		};
/* End PBXSourcesBuildPhase section */

/* Begin PBXTargetDependency section */
		4711788D320B9E978B126A7D /* PBXTargetDependency */ = {
			isa = PBXTargetDependency;
			target = 0071911B1F8C822303A0F5C7 /* HomeKitMCPHelper */;
			targetProxy = 4B5BCFF41842C9ADCFE19650 /* PBXContainerItemProxy */;
		};
/* End PBXTargetDependency section */

/* Begin XCBuildConfiguration section */
		013B5A65C9CF8C808CC4B4B6 /* Debug */ = {
			isa = XCBuildConfiguration;
			buildSettings = {
				ALWAYS_SEARCH_USER_PATHS = NO;
				CLANG_ANALYZER_NONNULL = YES;
				CLANG_ANALYZER_NUMBER_OBJECT_CONVERSION = YES_AGGRESSIVE;
				CLANG_CXX_LANGUAGE_STANDARD = "gnu++14";
				CLANG_CXX_LIBRARY = "libc++";
				CLANG_ENABLE_MODULES = YES;
				CLANG_ENABLE_OBJC_ARC = YES;
				CLANG_ENABLE_OBJC_WEAK = YES;
				CLANG_WARN_BLOCK_CAPTURE_AUTORELEASING = YES;
				CLANG_WARN_BOOL_CONVERSION = YES;
				CLANG_WARN_COMMA = YES;
				CLANG_WARN_CONSTANT_CONVERSION = YES;
				CLANG_WARN_DEPRECATED_OBJC_IMPLEMENTATIONS = YES;
				CLANG_WARN_DIRECT_OBJC_ISA_USAGE = YES_ERROR;
				CLANG_WARN_DOCUMENTATION_COMMENTS = YES;
				CLANG_WARN_EMPTY_BODY = YES;
				CLANG_WARN_ENUM_CONVERSION = YES;
				CLANG_WARN_INFINITE_RECURSION = YES;
				CLANG_WARN_INT_CONVERSION = YES;
				CLANG_WARN_NON_LITERAL_NULL_CONVERSION = YES;
				CLANG_WARN_OBJC_IMPLICIT_RETAIN_SELF = YES;
				CLANG_WARN_OBJC_LITERAL_CONVERSION = YES;
				CLANG_WARN_OBJC_ROOT_CLASS = YES_ERROR;
				CLANG_WARN_QUOTED_INCLUDE_IN_FRAMEWORK_HEADER = YES;
				CLANG_WARN_RANGE_LOOP_ANALYSIS = YES;
				CLANG_WARN_STRICT_PROTOTYPES = YES;
				CLANG_WARN_SUSPICIOUS_MOVE = YES;
				CLANG_WARN_UNGUARDED_AVAILABILITY = YES_AGGRESSIVE;
				CLANG_WARN_UNREACHABLE_CODE = YES;
				CLANG_WARN__DUPLICATE_METHOD_MATCH = YES;
				COPY_PHASE_STRIP = NO;
				DEBUG_INFORMATION_FORMAT = dwarf;
				ENABLE_STRICT_OBJC_MSGSEND = YES;
				ENABLE_TESTABILITY = YES;
				GCC_C_LANGUAGE_STANDARD = gnu11;
				GCC_DYNAMIC_NO_PIC = NO;
				GCC_NO_COMMON_BLOCKS = YES;
				GCC_OPTIMIZATION_LEVEL = 0;
				GCC_PREPROCESSOR_DEFINITIONS = (
					"$(inherited)",
					"DEBUG=1",
				);
				GCC_WARN_64_TO_32_BIT_CONVERSION = YES;
				GCC_WARN_ABOUT_RETURN_TYPE = YES_ERROR;
				GCC_WARN_UNDECLARED_SELECTOR = YES;
				GCC_WARN_UNINITIALIZED_AUTOS = YES_AGGRESSIVE;
				GCC_WARN_UNUSED_FUNCTION = YES;
				GCC_WARN_UNUSED_VARIABLE = YES;
				IPHONEOS_DEPLOYMENT_TARGET = 17.0;
				MTL_ENABLE_DEBUG_INFO = INCLUDE_SOURCE;
				MTL_FAST_MATH = YES;
				ONLY_ACTIVE_ARCH = YES;
				PRODUCT_NAME = "$(TARGET_NAME)";
				SDKROOT = iphoneos;
				SWIFT_ACTIVE_COMPILATION_CONDITIONS = DEBUG;
				SWIFT_OPTIMIZATION_LEVEL = "-Onone";
				SWIFT_VERSION = 5.0;
			};
			name = Debug;
		};
		2BF89EE4E50AD893B52894B4 /* Debug */ = {
			isa = XCBuildConfiguration;
			buildSettings = {
				BUNDLE_LOADER = "$(TEST_HOST)";
				IPHONEOS_DEPLOYMENT_TARGET = 17.0;
				LD_RUNPATH_SEARCH_PATHS = (
					"$(inherited)",
					"@executable_path/Frameworks",
					"@loader_path/Frameworks",
				);
				MACOSX_DEPLOYMENT_TARGET = 14.0;
				PRODUCT_BUNDLE_IDENTIFIER = local.homekitmcp.helper.tests;
				SDKROOT = iphoneos;
				SUPPORTS_MACCATALYST = YES;
				TARGETED_DEVICE_FAMILY = "1,2";
				TEST_HOST = "$(BUILT_PRODUCTS_DIR)/HomeKitMCPHelper.app/HomeKitMCPHelper";
			};
			name = Debug;
		};
		32F1AE6706228995D4669578 /* Release */ = {
			isa = XCBuildConfiguration;
			buildSettings = {
				BUNDLE_LOADER = "$(TEST_HOST)";
				IPHONEOS_DEPLOYMENT_TARGET = 17.0;
				LD_RUNPATH_SEARCH_PATHS = (
					"$(inherited)",
					"@executable_path/Frameworks",
					"@loader_path/Frameworks",
				);
				MACOSX_DEPLOYMENT_TARGET = 14.0;
				PRODUCT_BUNDLE_IDENTIFIER = local.homekitmcp.helper.tests;
				SDKROOT = iphoneos;
				SUPPORTS_MACCATALYST = YES;
				TARGETED_DEVICE_FAMILY = "1,2";
				TEST_HOST = "$(BUILT_PRODUCTS_DIR)/HomeKitMCPHelper.app/HomeKitMCPHelper";
			};
			name = Release;
		};
		4A1126413B9B36A570CBB3BC /* Debug */ = {
			isa = XCBuildConfiguration;
			buildSettings = {
				ASSETCATALOG_COMPILER_APPICON_NAME = AppIcon;
				CODE_SIGN_ENTITLEMENTS = HomeKitMCPHelper/HomeKitMCPHelper.entitlements;
				CODE_SIGN_IDENTITY = "iPhone Developer";
				CODE_SIGN_STYLE = Automatic;
				DERIVE_MACCATALYST_PRODUCT_BUNDLE_IDENTIFIER = NO;
				ENABLE_HARDENED_RUNTIME = YES;
				INFOPLIST_FILE = HomeKitMCPHelper/Info.plist;
				IPHONEOS_DEPLOYMENT_TARGET = 17.0;
				LD_RUNPATH_SEARCH_PATHS = (
					"$(inherited)",
					"@executable_path/Frameworks",
				);
				MACOSX_DEPLOYMENT_TARGET = 14.0;
				PRODUCT_BUNDLE_IDENTIFIER = local.homekitmcp.helper;
				SDKROOT = iphoneos;
				SUPPORTS_MACCATALYST = YES;
				TARGETED_DEVICE_FAMILY = "1,2";
			};
			name = Debug;
		};
		A39314DA28C5675838B3151B /* Release */ = {
			isa = XCBuildConfiguration;
			buildSettings = {
				ALWAYS_SEARCH_USER_PATHS = NO;
				CLANG_ANALYZER_NONNULL = YES;
				CLANG_ANALYZER_NUMBER_OBJECT_CONVERSION = YES_AGGRESSIVE;
				CLANG_CXX_LANGUAGE_STANDARD = "gnu++14";
				CLANG_CXX_LIBRARY = "libc++";
				CLANG_ENABLE_MODULES = YES;
				CLANG_ENABLE_OBJC_ARC = YES;
				CLANG_ENABLE_OBJC_WEAK = YES;
				CLANG_WARN_BLOCK_CAPTURE_AUTORELEASING = YES;
				CLANG_WARN_BOOL_CONVERSION = YES;
				CLANG_WARN_COMMA = YES;
				CLANG_WARN_CONSTANT_CONVERSION = YES;
				CLANG_WARN_DEPRECATED_OBJC_IMPLEMENTATIONS = YES;
				CLANG_WARN_DIRECT_OBJC_ISA_USAGE = YES_ERROR;
				CLANG_WARN_DOCUMENTATION_COMMENTS = YES;
				CLANG_WARN_EMPTY_BODY = YES;
				CLANG_WARN_ENUM_CONVERSION = YES;
				CLANG_WARN_INFINITE_RECURSION = YES;
				CLANG_WARN_INT_CONVERSION = YES;
				CLANG_WARN_NON_LITERAL_NULL_CONVERSION = YES;
				CLANG_WARN_OBJC_IMPLICIT_RETAIN_SELF = YES;
				CLANG_WARN_OBJC_LITERAL_CONVERSION = YES;
				CLANG_WARN_OBJC_ROOT_CLASS = YES_ERROR;
				CLANG_WARN_QUOTED_INCLUDE_IN_FRAMEWORK_HEADER = YES;
				CLANG_WARN_RANGE_LOOP_ANALYSIS = YES;
				CLANG_WARN_STRICT_PROTOTYPES = YES;
				CLANG_WARN_SUSPICIOUS_MOVE = YES;
				CLANG_WARN_UNGUARDED_AVAILABILITY = YES_AGGRESSIVE;
				CLANG_WARN_UNREACHABLE_CODE = YES;
				CLANG_WARN__DUPLICATE_METHOD_MATCH = YES;
				COPY_PHASE_STRIP = NO;
				DEBUG_INFORMATION_FORMAT = "dwarf-with-dsym";
				ENABLE_NS_ASSERTIONS = NO;
				ENABLE_STRICT_OBJC_MSGSEND = YES;
				GCC_C_LANGUAGE_STANDARD = gnu11;
				GCC_NO_COMMON_BLOCKS = YES;
				GCC_WARN_64_TO_32_BIT_CONVERSION = YES;
				GCC_WARN_ABOUT_RETURN_TYPE = YES_ERROR;
				GCC_WARN_UNDECLARED_SELECTOR = YES;
				GCC_WARN_UNINITIALIZED_AUTOS = YES_AGGRESSIVE;
				GCC_WARN_UNUSED_FUNCTION = YES;
				GCC_WARN_UNUSED_VARIABLE = YES;
				IPHONEOS_DEPLOYMENT_TARGET = 17.0;
				MTL_ENABLE_DEBUG_INFO = NO;
				MTL_FAST_MATH = YES;
				PRODUCT_NAME = "$(TARGET_NAME)";
				SDKROOT = iphoneos;
				SWIFT_COMPILATION_MODE = wholemodule;
				SWIFT_OPTIMIZATION_LEVEL = "-O";
				SWIFT_VERSION = 5.0;
			};
			name = Release;
		};
		C84FC60DFFDBD230C87F77FF /* Release */ = {
			isa = XCBuildConfiguration;
			buildSettings = {
				ASSETCATALOG_COMPILER_APPICON_NAME = AppIcon;
				CODE_SIGN_ENTITLEMENTS = HomeKitMCPHelper/HomeKitMCPHelper.entitlements;
				CODE_SIGN_IDENTITY = "iPhone Developer";
				CODE_SIGN_STYLE = Automatic;
				DERIVE_MACCATALYST_PRODUCT_BUNDLE_IDENTIFIER = NO;
				ENABLE_HARDENED_RUNTIME = YES;
				INFOPLIST_FILE = HomeKitMCPHelper/Info.plist;
				IPHONEOS_DEPLOYMENT_TARGET = 17.0;
				LD_RUNPATH_SEARCH_PATHS = (
					"$(inherited)",
					"@executable_path/Frameworks",
				);
				MACOSX_DEPLOYMENT_TARGET = 14.0;
				PRODUCT_BUNDLE_IDENTIFIER = local.homekitmcp.helper;
				SDKROOT = iphoneos;
				SUPPORTS_MACCATALYST = YES;
				TARGETED_DEVICE_FAMILY = "1,2";
			};
			name = Release;
		};
/* End XCBuildConfiguration section */

/* Begin XCConfigurationList section */
		2B6BA076B3E11D445D153D4B /* Build configuration list for PBXProject "HomeKitMCPHelper" */ = {
			isa = XCConfigurationList;
			buildConfigurations = (
				013B5A65C9CF8C808CC4B4B6 /* Debug */,
				A39314DA28C5675838B3151B /* Release */,
			);
			defaultConfigurationIsVisible = 0;
			defaultConfigurationName = Debug;
		};
		3845E135C9ED484067C967BE /* Build configuration list for PBXNativeTarget "HomeKitMCPHelper" */ = {
			isa = XCConfigurationList;
			buildConfigurations = (
				4A1126413B9B36A570CBB3BC /* Debug */,
				C84FC60DFFDBD230C87F77FF /* Release */,
			);
			defaultConfigurationIsVisible = 0;
			defaultConfigurationName = Debug;
		};
		E63029FF0090F616C52AD861 /* Build configuration list for PBXNativeTarget "HomeKitMCPHelperTests" */ = {
			isa = XCConfigurationList;
			buildConfigurations = (
				2BF89EE4E50AD893B52894B4 /* Debug */,
				32F1AE6706228995D4669578 /* Release */,
			);
			defaultConfigurationIsVisible = 0;
			defaultConfigurationName = Debug;
		};
/* End XCConfigurationList section */
	};
	rootObject = 1175C6BFB08DF69ADEE1D1D5 /* Project object */;
}
